
Microsoft Visual Studio Solution File, Format Version 12.00
# Visual Studio Version 16
VisualStudioVersion = 16.0.29519.87
MinimumVisualStudioVersion = 10.0.40219.1
Project("{9A19103F-16F7-4668-BE54-9A1E7A4F7556}") = "GenericDeepEquality", "GenericDeepEquality\GenericDeepEquality.csproj", "{F83F48F9-21F7-485D-BA1E-388D40717EDB}"
EndProject
Project("{FAE04EC0-301F-11D3-BF4B-00C04F79EFBC}") = "Tests", "Tests\Tests.csproj", "{8991E920-FB72-4DB4-9439-4948D046DCC7}"
EndProject
Global
	GlobalSection(SolutionConfigurationPlatforms) = preSolution
		Debug|Any CPU = Debug|Any CPU
		Release|Any CPU = Release|Any CPU
	EndGlobalSection
	GlobalSection(ProjectConfigurationPlatforms) = postSolution
		{F83F48F9-21F7-485D-BA1E-388D40717EDB}.Debug|Any CPU.ActiveCfg = Debug|Any CPU
		{F83F48F9-21F7-485D-BA1E-388D40717EDB}.Debug|Any CPU.Build.0 = Debug|Any CPU
		{F83F48F9-21F7-485D-BA1E-388D40717EDB}.Release|Any CPU.ActiveCfg = Release|Any CPU
		{F83F48F9-21F7-485D-BA1E-388D40717EDB}.Release|Any CPU.Build.0 = Release|Any CPU
		{8991E920-FB72-4DB4-9439-4948D046DCC7}.Debug|Any CPU.ActiveCfg = Debug|Any CPU
		{8991E920-FB72-4DB4-9439-4948D046DCC7}.Debug|Any CPU.Build.0 = Debug|Any CPU
		{8991E920-FB72-4DB4-9439-4948D046DCC7}.Release|Any CPU.ActiveCfg = Release|Any CPU
		{8991E920-FB72-4DB4-9439-4948D046DCC7}.Release|Any CPU.Build.0 = Release|Any CPU
	EndGlobalSection
	GlobalSection(SolutionProperties) = preSolution
		HideSolutionNode = FALSE
	EndGlobalSection
	GlobalSection(ExtensibilityGlobals) = postSolution
		SolutionGuid = {E2037746-2A58-460F-8C2D-486FE6435570}
	EndGlobalSection
EndGlobal
